# This file is automatically @generated by Cargo.
# It is not intended for manual editing.
version = 4

[[package]]
name = "adler32"
version = "1.2.0"
source = "registry+https://github.com/rust-lang/crates.io-index"
checksum = "aae1277d39aeec15cb388266ecc24b11c80469deae6067e17a1a7aa9e5c1f234"

[[package]]
name = "pico-args"
version = "0.5.0"
source = "registry+https://github.com/rust-lang/crates.io-index"
checksum = "5be167a7af36ee22fe3115051bc51f6e6c7054c9348e28deb4f49bd6f705a315"

[[package]]
name = "rust-kvs"
version = "0.1.0"
dependencies = [
 "adler32",
 "pico-args",
 "tinyjson",
]

[[package]]
name = "tinyjson"
version = "2.5.1"
source = "registry+https://github.com/rust-lang/crates.io-index"
checksum = "9ab95735ea2c8fd51154d01e39cf13912a78071c2d89abc49a7ef102a7dd725a"
